
Microsoft Visual Studio Solution File, Format Version 12.00
# Visual Studio 15
VisualStudioVersion = 15.0.27130.2010
MinimumVisualStudioVersion = 10.0.40219.1
Project("{FAE04EC0-301F-11D3-BF4B-00C04F79EFBC}") = "Antrace", "Antrace\Antrace.csproj", "{6A199FF0-B68F-4BEE-AC69-D4B1053F68BE}"
EndProject
Global
	GlobalSection(SolutionConfigurationPlatforms) = preSolution
		Debug|x86 = Debug|x86
		Release|x86 = Release|x86
	EndGlobalSection
	GlobalSection(ProjectConfigurationPlatforms) = postSolution
		{6A199FF0-B68F-4BEE-AC69-D4B1053F68BE}.Debug|x86.ActiveCfg = Debug|x86
		{6A199FF0-B68F-4BEE-AC69-D4B1053F68BE}.Debug|x86.Build.0 = Debug|x86
		{6A199FF0-B68F-4BEE-AC69-D4B1053F68BE}.Release|x86.ActiveCfg = Release|x86
		{6A199FF0-B68F-4BEE-AC69-D4B1053F68BE}.Release|x86.Build.0 = Release|x86
	EndGlobalSection
	GlobalSection(SolutionProperties) = preSolution
		HideSolutionNode = FALSE
	EndGlobalSection
	GlobalSection(ExtensibilityGlobals) = postSolution
		SolutionGuid = {E28201F6-4B9A-4E1B-8DBB-AD1A3BD6CAD8}
	EndGlobalSection
EndGlobal
